
Microsoft Visual Studio Solution File, Format Version 12.00
# Visual Studio Version 17
VisualStudioVersion = 17.4.33110.190
MinimumVisualStudioVersion = 10.0.40219.1
Project("{FAE04EC0-301F-11D3-BF4B-00C04F79EFBC}") = "BlazorCorsTrial", "BlazorCorsTrial\BlazorCorsTrial.csproj", "{215B5BF4-A8B2-46B9-A828-5CC7AA749A82}"
EndProject
Global
	GlobalSection(SolutionConfigurationPlatforms) = preSolution
		Debug|Any CPU = Debug|Any CPU
		Release|Any CPU = Release|Any CPU
	EndGlobalSection
	GlobalSection(ProjectConfigurationPlatforms) = postSolution
		{215B5BF4-A8B2-46B9-A828-5CC7AA749A82}.Debug|Any CPU.ActiveCfg = Debug|Any CPU
		{215B5BF4-A8B2-46B9-A828-5CC7AA749A82}.Debug|Any CPU.Build.0 = Debug|Any CPU
		{215B5BF4-A8B2-46B9-A828-5CC7AA749A82}.Release|Any CPU.ActiveCfg = Release|Any CPU
		{215B5BF4-A8B2-46B9-A828-5CC7AA749A82}.Release|Any CPU.Build.0 = Release|Any CPU
	EndGlobalSection
	GlobalSection(SolutionProperties) = preSolution
		HideSolutionNode = FALSE
	EndGlobalSection
	GlobalSection(ExtensibilityGlobals) = postSolution
		SolutionGuid = {E2355DEC-EA0E-4E04-9B81-8D9758E0B208}
	EndGlobalSection
EndGlobal
